// !$*UTF8*$!
{
	archiveVersion = 1;
	classes = {
	};
	objectVersion = 48;
	objects = {

/* Begin PBXBuildFile section */
		D370558B204C6AF900AB3F60 /* AppDelegate.swift in Sources */ = {isa = PBXBuildFile; fileRef = D370558A204C6AF900AB3F60 /* AppDelegate.swift */; };
		D370558D204C6AF900AB3F60 /* TodoListViewController.swift in Sources */ = {isa = PBXBuildFile; fileRef = D370558C204C6AF900AB3F60 /* TodoListViewController.swift */; };
		D3705590204C6AF900AB3F60 /* Main.storyboard in Resources */ = {isa = PBXBuildFile; fileRef = D370558E204C6AF900AB3F60 /* Main.storyboard */; };
		D3705592204C6AF900AB3F60 /* Assets.xcassets in Resources */ = {isa = PBXBuildFile; fileRef = D3705591204C6AF900AB3F60 /* Assets.xcassets */; };
		D3705595204C6AF900AB3F60 /* LaunchScreen.storyboard in Resources */ = {isa = PBXBuildFile; fileRef = D3705593204C6AF900AB3F60 /* LaunchScreen.storyboard */; };
		D3991786204DD93E008DCB4F /* Task.swift in Sources */ = {isa = PBXBuildFile; fileRef = D3991785204DD93E008DCB4F /* Task.swift */; };
/* End PBXBuildFile section */

/* Begin PBXFileReference section */
		D3705587204C6AF900AB3F60 /* BackLog.app */ = {isa = PBXFileReference; explicitFileType = wrapper.application; includeInIndex = 0; path = BackLog.app; sourceTree = BUILT_PRODUCTS_DIR; };
		D370558A204C6AF900AB3F60 /* AppDelegate.swift */ = {isa = PBXFileReference; lastKnownFileType = sourcecode.swift; path = AppDelegate.swift; sourceTree = "<group>"; };
		D370558C204C6AF900AB3F60 /* TodoListViewController.swift */ = {isa = PBXFileReference; lastKnownFileType = sourcecode.swift; path = TodoListViewController.swift; sourceTree = "<group>"; };
		D370558F204C6AF900AB3F60 /* Base */ = {isa = PBXFileReference; lastKnownFileType = file.storyboard; name = Base; path = Base.lproj/Main.storyboard; sourceTree = "<group>"; };
		D3705591204C6AF900AB3F60 /* Assets.xcassets */ = {isa = PBXFileReference; lastKnownFileType = folder.assetcatalog; path = Assets.xcassets; sourceTree = "<group>"; };
		D3705594204C6AF900AB3F60 /* Base */ = {isa = PBXFileReference; lastKnownFileType = file.storyboard; name = Base; path = Base.lproj/LaunchScreen.storyboard; sourceTree = "<group>"; };
		D3705596204C6AF900AB3F60 /* Info.plist */ = {isa = PBXFileReference; lastKnownFileType = text.plist.xml; path = Info.plist; sourceTree = "<group>"; };
		D3991785204DD93E008DCB4F /* Task.swift */ = {isa = PBXFileReference; lastKnownFileType = sourcecode.swift; path = Task.swift; sourceTree = "<group>"; };
/* End PBXFileReference section */

/* Begin PBXFrameworksBuildPhase section */
		D3705584204C6AF900AB3F60 /* Frameworks */ = {
			isa = PBXFrameworksBuildPhase;
			buildActionMask = 2147483647;
			files = (
			);
			runOnlyForDeploymentPostprocessing = 0;
		};
/* End PBXFrameworksBuildPhase section */

/* Begin PBXGroup section */
		D370557E204C6AF900AB3F60 = {
			isa = PBXGroup;
			children = (
				D3705589204C6AF900AB3F60 /* BackLog */,
				D3705588204C6AF900AB3F60 /* Products */,
			);
			sourceTree = "<group>";
		};
		D3705588204C6AF900AB3F60 /* Products */ = {
			isa = PBXGroup;
			children = (
				D3705587204C6AF900AB3F60 /* BackLog.app */,
			);
			name = Products;
			sourceTree = "<group>";
		};
		D3705589204C6AF900AB3F60 /* BackLog */ = {
			isa = PBXGroup;
			children = (
				D370558A204C6AF900AB3F60 /* AppDelegate.swift */,
				D3991787204DD9A4008DCB4F /* Data Model */,
				D3991788204DD9AC008DCB4F /* Controllers */,
				D3D8464D204DDBBD007B2234 /* Views */,
				D3D8464C204DDBB1007B2234 /* Supporting FIles */,
				D3705596204C6AF900AB3F60 /* Info.plist */,
			);
			path = BackLog;
			sourceTree = "<group>";
		};
		D3991787204DD9A4008DCB4F /* Data Model */ = {
			isa = PBXGroup;
			children = (
				D3991785204DD93E008DCB4F /* Task.swift */,
			);
			path = "Data Model";
			sourceTree = "<group>";
		};
		D3991788204DD9AC008DCB4F /* Controllers */ = {
			isa = PBXGroup;
			children = (
				D370558C204C6AF900AB3F60 /* TodoListViewController.swift */,
			);
			path = Controllers;
			sourceTree = "<group>";
		};
		D3D8464C204DDBB1007B2234 /* Supporting FIles */ = {
			isa = PBXGroup;
			children = (
				D3705591204C6AF900AB3F60 /* Assets.xcassets */,
				D3705593204C6AF900AB3F60 /* LaunchScreen.storyboard */,
			);
			path = "Supporting FIles";
			sourceTree = "<group>";
		};
		D3D8464D204DDBBD007B2234 /* Views */ = {
			isa = PBXGroup;
			children = (
				D370558E204C6AF900AB3F60 /* Main.storyboard */,
			);
			path = Views;
			sourceTree = "<group>";
		};
/* End PBXGroup section */

/* Begin PBXNativeTarget section */
		D3705586204C6AF900AB3F60 /* BackLog */ = {
			isa = PBXNativeTarget;
			buildConfigurationList = D3705599204C6AF900AB3F60 /* Build configuration list for PBXNativeTarget "BackLog" */;
			buildPhases = (
				D3705583204C6AF900AB3F60 /* Sources */,
				D3705584204C6AF900AB3F60 /* Frameworks */,
				D3705585204C6AF900AB3F60 /* Resources */,
			);
			buildRules = (
			);
			dependencies = (
			);
			name = BackLog;
			productName = BackLog;
			productReference = D3705587204C6AF900AB3F60 /* BackLog.app */;
			productType = "com.apple.product-type.application";
		};
/* End PBXNativeTarget section */

/* Begin PBXProject section */
		D370557F204C6AF900AB3F60 /* Project object */ = {
			isa = PBXProject;
			attributes = {
				LastSwiftUpdateCheck = 0920;
				LastUpgradeCheck = 0920;
				ORGANIZATIONNAME = theghost;
				TargetAttributes = {
					D3705586204C6AF900AB3F60 = {
						CreatedOnToolsVersion = 9.2;
						ProvisioningStyle = Automatic;
					};
				};
			};
			buildConfigurationList = D3705582204C6AF900AB3F60 /* Build configuration list for PBXProject "BackLog" */;
			compatibilityVersion = "Xcode 8.0";
			developmentRegion = en;
			hasScannedForEncodings = 0;
			knownRegions = (
				en,
				Base,
			);
			mainGroup = D370557E204C6AF900AB3F60;
			productRefGroup = D3705588204C6AF900AB3F60 /* Products */;
			projectDirPath = "";
			projectRoot = "";
			targets = (
				D3705586204C6AF900AB3F60 /* BackLog */,
			);
		};
/* End PBXProject section */

/* Begin PBXResourcesBuildPhase section */
		D3705585204C6AF900AB3F60 /* Resources */ = {
			isa = PBXResourcesBuildPhase;
			buildActionMask = 2147483647;
			files = (
				D3705595204C6AF900AB3F60 /* LaunchScreen.storyboard in Resources */,
				D3705592204C6AF900AB3F60 /* Assets.xcassets in Resources */,
				D3705590204C6AF900AB3F60 /* Main.storyboard in Resources */,
			);
			runOnlyForDeploymentPostprocessing = 0;
		};
/* End PBXResourcesBuildPhase section */

/* Begin PBXSourcesBuildPhase section */
		D3705583204C6AF900AB3F60 /* Sources */ = {
			isa = PBXSourcesBuildPhase;
			buildActionMask = 2147483647;
			files = (
				D370558D204C6AF900AB3F60 /* TodoListViewController.swift in Sources */,
				D3991786204DD93E008DCB4F /* Task.swift in Sources */,
				D370558B204C6AF900AB3F60 /* AppDelegate.swift in Sources */,
			);
			runOnlyForDeploymentPostprocessing = 0;
		};
/* End PBXSourcesBuildPhase section */

/* Begin PBXVariantGroup section */
		D370558E204C6AF900AB3F60 /* Main.storyboard */ = {
			isa = PBXVariantGroup;
			children = (
				D370558F204C6AF900AB3F60 /* Base */,
			);
			name = Main.storyboard;
			sourceTree = "<group>";
		};
		D3705593204C6AF900AB3F60 /* LaunchScreen.storyboard */ = {
			isa = PBXVariantGroup;
			children = (
				D3705594204C6AF900AB3F60 /* Base */,
			);
			name = LaunchScreen.storyboard;
			sourceTree = "<group>";
		};
/* End PBXVariantGroup section */

/* Begin XCBuildConfiguration section */
		D3705597204C6AF900AB3F60 /* Debug */ = {
			isa = XCBuildConfiguration;
			buildSettings = {
				ALWAYS_SEARCH_USER_PATHS = NO;
				CLANG_ANALYZER_NONNULL = YES;
				CLANG_ANALYZER_NUMBER_OBJECT_CONVERSION = YES_AGGRESSIVE;
				CLANG_CXX_LANGUAGE_STANDARD = "gnu++14";
				CLANG_CXX_LIBRARY = "libc++";
				CLANG_ENABLE_MODULES = YES;
				CLANG_ENABLE_OBJC_ARC = YES;
				CLANG_WARN_BLOCK_CAPTURE_AUTORELEASING = YES;
				CLANG_WARN_BOOL_CONVERSION = YES;
				CLANG_WARN_COMMA = YES;
				CLANG_WARN_CONSTANT_CONVERSION = YES;
				CLANG_WARN_DIRECT_OBJC_ISA_USAGE = YES_ERROR;
				CLANG_WARN_DOCUMENTATION_COMMENTS = YES;
				CLANG_WARN_EMPTY_BODY = YES;
				CLANG_WARN_ENUM_CONVERSION = YES;
				CLANG_WARN_INFINITE_RECURSION = YES;
				CLANG_WARN_INT_CONVERSION = YES;
				CLANG_WARN_NON_LITERAL_NULL_CONVERSION = YES;
				CLANG_WARN_OBJC_LITERAL_CONVERSION = YES;
				CLANG_WARN_OBJC_ROOT_CLASS = YES_ERROR;
				CLANG_WARN_RANGE_LOOP_ANALYSIS = YES;
				CLANG_WARN_STRICT_PROTOTYPES = YES;
				CLANG_WARN_SUSPICIOUS_MOVE = YES;
				CLANG_WARN_UNGUARDED_AVAILABILITY = YES_AGGRESSIVE;
				CLANG_WARN_UNREACHABLE_CODE = YES;
				CLANG_WARN__DUPLICATE_METHOD_MATCH = YES;
				CODE_SIGN_IDENTITY = "iPhone Developer";
				COPY_PHASE_STRIP = NO;
				DEBUG_INFORMATION_FORMAT = dwarf;
				ENABLE_STRICT_OBJC_MSGSEND = YES;
				ENABLE_TESTABILITY = YES;
				GCC_C_LANGUAGE_STANDARD = gnu11;
				GCC_DYNAMIC_NO_PIC = NO;
				GCC_NO_COMMON_BLOCKS = YES;
				GCC_OPTIMIZATION_LEVEL = 0;
				GCC_PREPROCESSOR_DEFINITIONS = (
					"DEBUG=1",
					"$(inherited)",
				);
				GCC_WARN_64_TO_32_BIT_CONVERSION = YES;
				GCC_WARN_ABOUT_RETURN_TYPE = YES_ERROR;
				GCC_WARN_UNDECLARED_SELECTOR = YES;
				GCC_WARN_UNINITIALIZED_AUTOS = YES_AGGRESSIVE;
				GCC_WARN_UNUSED_FUNCTION = YES;
				GCC_WARN_UNUSED_VARIABLE = YES;
				IPHONEOS_DEPLOYMENT_TARGET = 11.2;
				MTL_ENABLE_DEBUG_INFO = YES;
				ONLY_ACTIVE_ARCH = YES;
				SDKROOT = iphoneos;
				SWIFT_ACTIVE_COMPILATION_CONDITIONS = DEBUG;
				SWIFT_OPTIMIZATION_LEVEL = "-Onone";
			};
			name = Debug;
		};
		D3705598204C6AF900AB3F60 /* Release */ = {
			isa = XCBuildConfiguration;
			buildSettings = {
				ALWAYS_SEARCH_USER_PATHS = NO;
				CLANG_ANALYZER_NONNULL = YES;
				CLANG_ANALYZER_NUMBER_OBJECT_CONVERSION = YES_AGGRESSIVE;
				CLANG_CXX_LANGUAGE_STANDARD = "gnu++14";
				CLANG_CXX_LIBRARY = "libc++";
				CLANG_ENABLE_MODULES = YES;
				CLANG_ENABLE_OBJC_ARC = YES;
				CLANG_WARN_BLOCK_CAPTURE_AUTORELEASING = YES;
				CLANG_WARN_BOOL_CONVERSION = YES;
				CLANG_WARN_COMMA = YES;
				CLANG_WARN_CONSTANT_CONVERSION = YES;
				CLANG_WARN_DIRECT_OBJC_ISA_USAGE = YES_ERROR;
				CLANG_WARN_DOCUMENTATION_COMMENTS = YES;
				CLANG_WARN_EMPTY_BODY = YES;
				CLANG_WARN_ENUM_CONVERSION = YES;
				CLANG_WARN_INFINITE_RECURSION = YES;
				CLANG_WARN_INT_CONVERSION = YES;
				CLANG_WARN_NON_LITERAL_NULL_CONVERSION = YES;
				CLANG_WARN_OBJC_LITERAL_CONVERSION = YES;
				CLANG_WARN_OBJC_ROOT_CLASS = YES_ERROR;
				CLANG_WARN_RANGE_LOOP_ANALYSIS = YES;
				CLANG_WARN_STRICT_PROTOTYPES = YES;
				CLANG_WARN_SUSPICIOUS_MOVE = YES;
				CLANG_WARN_UNGUARDED_AVAILABILITY = YES_AGGRESSIVE;
				CLANG_WARN_UNREACHABLE_CODE = YES;
				CLANG_WARN__DUPLICATE_METHOD_MATCH = YES;
				CODE_SIGN_IDENTITY = "iPhone Developer";
				COPY_PHASE_STRIP = NO;
				DEBUG_INFORMATION_FORMAT = "dwarf-with-dsym";
				ENABLE_NS_ASSERTIONS = NO;
				ENABLE_STRICT_OBJC_MSGSEND = YES;
				GCC_C_LANGUAGE_STANDARD = gnu11;
				GCC_NO_COMMON_BLOCKS = YES;
				GCC_WARN_64_TO_32_BIT_CONVERSION = YES;
				GCC_WARN_ABOUT_RETURN_TYPE = YES_ERROR;
				GCC_WARN_UNDECLARED_SELECTOR = YES;
				GCC_WARN_UNINITIALIZED_AUTOS = YES_AGGRESSIVE;
				GCC_WARN_UNUSED_FUNCTION = YES;
				GCC_WARN_UNUSED_VARIABLE = YES;
				IPHONEOS_DEPLOYMENT_TARGET = 11.2;
				MTL_ENABLE_DEBUG_INFO = NO;
				SDKROOT = iphoneos;
				SWIFT_OPTIMIZATION_LEVEL = "-Owholemodule";
				VALIDATE_PRODUCT = YES;
			};
			name = Release;
		};
		D370559A204C6AF900AB3F60 /* Debug */ = {
			isa = XCBuildConfiguration;
			buildSettings = {
				ASSETCATALOG_COMPILER_APPICON_NAME = AppIcon;
				CODE_SIGN_STYLE = Automatic;
				DEVELOPMENT_TEAM = ZU78LZES28;
				INFOPLIST_FILE = BackLog/Info.plist;
				LD_RUNPATH_SEARCH_PATHS = "$(inherited) @executable_path/Frameworks";
				PRODUCT_BUNDLE_IDENTIFIER = com.theghost.BackLog;
				PRODUCT_NAME = "$(TARGET_NAME)";
				SWIFT_VERSION = 4.0;
				TARGETED_DEVICE_FAMILY = "1,2";
			};
			name = Debug;
		};
		D370559B204C6AF900AB3F60 /* Release */ = {
			isa = XCBuildConfiguration;
			buildSettings = {
				ASSETCATALOG_COMPILER_APPICON_NAME = AppIcon;
				CODE_SIGN_STYLE = Automatic;
				DEVELOPMENT_TEAM = ZU78LZES28;
				INFOPLIST_FILE = BackLog/Info.plist;
				LD_RUNPATH_SEARCH_PATHS = "$(inherited) @executable_path/Frameworks";
				PRODUCT_BUNDLE_IDENTIFIER = com.theghost.BackLog;
				PRODUCT_NAME = "$(TARGET_NAME)";
				SWIFT_VERSION = 4.0;
				TARGETED_DEVICE_FAMILY = "1,2";
			};
			name = Release;
		};
/* End XCBuildConfiguration section */

/* Begin XCConfigurationList section */
		D3705582204C6AF900AB3F60 /* Build configuration list for PBXProject "BackLog" */ = {
			isa = XCConfigurationList;
			buildConfigurations = (
				D3705597204C6AF900AB3F60 /* Debug */,
				D3705598204C6AF900AB3F60 /* Release */,
			);
			defaultConfigurationIsVisible = 0;
			defaultConfigurationName = Release;
		};
		D3705599204C6AF900AB3F60 /* Build configuration list for PBXNativeTarget "BackLog" */ = {
			isa = XCConfigurationList;
			buildConfigurations = (
				D370559A204C6AF900AB3F60 /* Debug */,
				D370559B204C6AF900AB3F60 /* Release */,
			);
			defaultConfigurationIsVisible = 0;
			defaultConfigurationName = Release;
		};
/* End XCConfigurationList section */
	};
	rootObject = D370557F204C6AF900AB3F60 /* Project object */;
}
